// !$*UTF8*$!
{
	archiveVersion = 1;
	classes = {
	};
	objectVersion = 56;
	objects = {

/* Begin PBXBuildFile section */
		93A72F672A0EA34F006C710A /* ConnectView.swift in Sources */ = {isa = PBXBuildFile; fileRef = 93A72F642A0EA34F006C710A /* ConnectView.swift */; };
		93A72F692A0EA34F006C710A /* ChatView.swift in Sources */ = {isa = PBXBuildFile; fileRef = 93A72F662A0EA34F006C710A /* ChatView.swift */; };
		93CA3ABB2A0D8C6F004A8486 /* IIRCApp.swift in Sources */ = {isa = PBXBuildFile; fileRef = 93CA3ABA2A0D8C6F004A8486 /* IIRCApp.swift */; };
		93CA3ABD2A0D8C6F004A8486 /* MainView.swift in Sources */ = {isa = PBXBuildFile; fileRef = 93CA3ABC2A0D8C6F004A8486 /* MainView.swift */; };
		93CA3ABF2A0D8C70004A8486 /* Assets.xcassets in Resources */ = {isa = PBXBuildFile; fileRef = 93CA3ABE2A0D8C70004A8486 /* Assets.xcassets */; };
		93CA3AC22A0D8C70004A8486 /* Preview Assets.xcassets in Resources */ = {isa = PBXBuildFile; fileRef = 93CA3AC12A0D8C70004A8486 /* Preview Assets.xcassets */; };
		93CA3ACC2A0D8C70004A8486 /* IIRCTests.swift in Sources */ = {isa = PBXBuildFile; fileRef = 93CA3ACB2A0D8C70004A8486 /* IIRCTests.swift */; };
		93CA3AD62A0D8C70004A8486 /* IIRCUITests.swift in Sources */ = {isa = PBXBuildFile; fileRef = 93CA3AD52A0D8C70004A8486 /* IIRCUITests.swift */; };
		93CA3AD82A0D8C70004A8486 /* IIRCUITestsLaunchTests.swift in Sources */ = {isa = PBXBuildFile; fileRef = 93CA3AD72A0D8C70004A8486 /* IIRCUITestsLaunchTests.swift */; };
		93CA3AEB2A0D93B7004A8486 /* IRCClient.swift in Sources */ = {isa = PBXBuildFile; fileRef = 93CA3AEA2A0D93B7004A8486 /* IRCClient.swift */; };
/* End PBXBuildFile section */

/* Begin PBXContainerItemProxy section */
		93CA3AC82A0D8C70004A8486 /* PBXContainerItemProxy */ = {
			isa = PBXContainerItemProxy;
			containerPortal = 93CA3AAF2A0D8C6F004A8486 /* Project object */;
			proxyType = 1;
			remoteGlobalIDString = 93CA3AB62A0D8C6F004A8486;
			remoteInfo = IIRC;
		};
		93CA3AD22A0D8C70004A8486 /* PBXContainerItemProxy */ = {
			isa = PBXContainerItemProxy;
			containerPortal = 93CA3AAF2A0D8C6F004A8486 /* Project object */;
			proxyType = 1;
			remoteGlobalIDString = 93CA3AB62A0D8C6F004A8486;
			remoteInfo = IIRC;
		};
/* End PBXContainerItemProxy section */

/* Begin PBXFileReference section */
		93A72F642A0EA34F006C710A /* ConnectView.swift */ = {isa = PBXFileReference; fileEncoding = 4; lastKnownFileType = sourcecode.swift; path = ConnectView.swift; sourceTree = "<group>"; };
		93A72F662A0EA34F006C710A /* ChatView.swift */ = {isa = PBXFileReference; fileEncoding = 4; lastKnownFileType = sourcecode.swift; path = ChatView.swift; sourceTree = "<group>"; };
		93CA3AB72A0D8C6F004A8486 /* IIRC.app */ = {isa = PBXFileReference; explicitFileType = wrapper.application; includeInIndex = 0; path = IIRC.app; sourceTree = BUILT_PRODUCTS_DIR; };
		93CA3ABA2A0D8C6F004A8486 /* IIRCApp.swift */ = {isa = PBXFileReference; lastKnownFileType = sourcecode.swift; path = IIRCApp.swift; sourceTree = "<group>"; };
		93CA3ABC2A0D8C6F004A8486 /* MainView.swift */ = {isa = PBXFileReference; lastKnownFileType = sourcecode.swift; path = MainView.swift; sourceTree = "<group>"; };
		93CA3ABE2A0D8C70004A8486 /* Assets.xcassets */ = {isa = PBXFileReference; lastKnownFileType = folder.assetcatalog; path = Assets.xcassets; sourceTree = "<group>"; };
		93CA3AC12A0D8C70004A8486 /* Preview Assets.xcassets */ = {isa = PBXFileReference; lastKnownFileType = folder.assetcatalog; path = "Preview Assets.xcassets"; sourceTree = "<group>"; };
		93CA3AC72A0D8C70004A8486 /* IIRCTests.xctest */ = {isa = PBXFileReference; explicitFileType = wrapper.cfbundle; includeInIndex = 0; path = IIRCTests.xctest; sourceTree = BUILT_PRODUCTS_DIR; };
		93CA3ACB2A0D8C70004A8486 /* IIRCTests.swift */ = {isa = PBXFileReference; lastKnownFileType = sourcecode.swift; path = IIRCTests.swift; sourceTree = "<group>"; };
		93CA3AD12A0D8C70004A8486 /* IIRCUITests.xctest */ = {isa = PBXFileReference; explicitFileType = wrapper.cfbundle; includeInIndex = 0; path = IIRCUITests.xctest; sourceTree = BUILT_PRODUCTS_DIR; };
		93CA3AD52A0D8C70004A8486 /* IIRCUITests.swift */ = {isa = PBXFileReference; lastKnownFileType = sourcecode.swift; path = IIRCUITests.swift; sourceTree = "<group>"; };
		93CA3AD72A0D8C70004A8486 /* IIRCUITestsLaunchTests.swift */ = {isa = PBXFileReference; lastKnownFileType = sourcecode.swift; path = IIRCUITestsLaunchTests.swift; sourceTree = "<group>"; };
		93CA3AEA2A0D93B7004A8486 /* IRCClient.swift */ = {isa = PBXFileReference; lastKnownFileType = sourcecode.swift; path = IRCClient.swift; sourceTree = "<group>"; };
/* End PBXFileReference section */

/* Begin PBXFrameworksBuildPhase section */
		93CA3AB42A0D8C6F004A8486 /* Frameworks */ = {
			isa = PBXFrameworksBuildPhase;
			buildActionMask = 2147483647;
			files = (
			);
			runOnlyForDeploymentPostprocessing = 0;
		};
		93CA3AC42A0D8C70004A8486 /* Frameworks */ = {
			isa = PBXFrameworksBuildPhase;
			buildActionMask = 2147483647;
			files = (
			);
			runOnlyForDeploymentPostprocessing = 0;
		};
		93CA3ACE2A0D8C70004A8486 /* Frameworks */ = {
			isa = PBXFrameworksBuildPhase;
			buildActionMask = 2147483647;
			files = (
			);
			runOnlyForDeploymentPostprocessing = 0;
		};
/* End PBXFrameworksBuildPhase section */

/* Begin PBXGroup section */
		9300BC9F2A0E93FE00C2DAD1 /* Utlilities */ = {
			isa = PBXGroup;
			children = (
				93CA3AEA2A0D93B7004A8486 /* IRCClient.swift */,
			);
			path = Utlilities;
			sourceTree = "<group>";
		};
		9300BCA02A0E940500C2DAD1 /* Views */ = {
			isa = PBXGroup;
			children = (
				93CA3ABA2A0D8C6F004A8486 /* IIRCApp.swift */,
				93CA3ABC2A0D8C6F004A8486 /* MainView.swift */,
				93A72F642A0EA34F006C710A /* ConnectView.swift */,
				93A72F662A0EA34F006C710A /* ChatView.swift */,
			);
			path = Views;
			sourceTree = "<group>";
		};
		93CA3AAE2A0D8C6F004A8486 = {
			isa = PBXGroup;
			children = (
				93CA3AB92A0D8C6F004A8486 /* IIRC */,
				93CA3ACA2A0D8C70004A8486 /* IIRCTests */,
				93CA3AD42A0D8C70004A8486 /* IIRCUITests */,
				93CA3AB82A0D8C6F004A8486 /* Products */,
			);
			sourceTree = "<group>";
		};
		93CA3AB82A0D8C6F004A8486 /* Products */ = {
			isa = PBXGroup;
			children = (
				93CA3AB72A0D8C6F004A8486 /* IIRC.app */,
				93CA3AC72A0D8C70004A8486 /* IIRCTests.xctest */,
				93CA3AD12A0D8C70004A8486 /* IIRCUITests.xctest */,
			);
			name = Products;
			sourceTree = "<group>";
		};
		93CA3AB92A0D8C6F004A8486 /* IIRC */ = {
			isa = PBXGroup;
			children = (
				9300BCA02A0E940500C2DAD1 /* Views */,
				9300BC9F2A0E93FE00C2DAD1 /* Utlilities */,
				93CA3ABE2A0D8C70004A8486 /* Assets.xcassets */,
				93CA3AC02A0D8C70004A8486 /* Preview Content */,
			);
			path = IIRC;
			sourceTree = "<group>";
		};
		93CA3AC02A0D8C70004A8486 /* Preview Content */ = {
			isa = PBXGroup;
			children = (
				93CA3AC12A0D8C70004A8486 /* Preview Assets.xcassets */,
			);
			path = "Preview Content";
			sourceTree = "<group>";
		};
		93CA3ACA2A0D8C70004A8486 /* IIRCTests */ = {
			isa = PBXGroup;
			children = (
				93CA3ACB2A0D8C70004A8486 /* IIRCTests.swift */,
			);
			path = IIRCTests;
			sourceTree = "<group>";
		};
		93CA3AD42A0D8C70004A8486 /* IIRCUITests */ = {
			isa = PBXGroup;
			children = (
				93CA3AD52A0D8C70004A8486 /* IIRCUITests.swift */,
				93CA3AD72A0D8C70004A8486 /* IIRCUITestsLaunchTests.swift */,
			);
			path = IIRCUITests;
			sourceTree = "<group>";
		};
/* End PBXGroup section */

/* Begin PBXNativeTarget section */
		93CA3AB62A0D8C6F004A8486 /* IIRC */ = {
			isa = PBXNativeTarget;
			buildConfigurationList = 93CA3ADB2A0D8C70004A8486 /* Build configuration list for PBXNativeTarget "IIRC" */;
			buildPhases = (
				93CA3AB32A0D8C6F004A8486 /* Sources */,
				93CA3AB42A0D8C6F004A8486 /* Frameworks */,
				93CA3AB52A0D8C6F004A8486 /* Resources */,
			);
			buildRules = (
			);
			dependencies = (
			);
			name = IIRC;
			productName = IIRC;
			productReference = 93CA3AB72A0D8C6F004A8486 /* IIRC.app */;
			productType = "com.apple.product-type.application";
		};
		93CA3AC62A0D8C70004A8486 /* IIRCTests */ = {
			isa = PBXNativeTarget;
			buildConfigurationList = 93CA3ADE2A0D8C70004A8486 /* Build configuration list for PBXNativeTarget "IIRCTests" */;
			buildPhases = (
				93CA3AC32A0D8C70004A8486 /* Sources */,
				93CA3AC42A0D8C70004A8486 /* Frameworks */,
				93CA3AC52A0D8C70004A8486 /* Resources */,
			);
			buildRules = (
			);
			dependencies = (
				93CA3AC92A0D8C70004A8486 /* PBXTargetDependency */,
			);
			name = IIRCTests;
			productName = IIRCTests;
			productReference = 93CA3AC72A0D8C70004A8486 /* IIRCTests.xctest */;
			productType = "com.apple.product-type.bundle.unit-test";
		};
		93CA3AD02A0D8C70004A8486 /* IIRCUITests */ = {
			isa = PBXNativeTarget;
			buildConfigurationList = 93CA3AE12A0D8C70004A8486 /* Build configuration list for PBXNativeTarget "IIRCUITests" */;
			buildPhases = (
				93CA3ACD2A0D8C70004A8486 /* Sources */,
				93CA3ACE2A0D8C70004A8486 /* Frameworks */,
				93CA3ACF2A0D8C70004A8486 /* Resources */,
			);
			buildRules = (
			);
			dependencies = (
				93CA3AD32A0D8C70004A8486 /* PBXTargetDependency */,
			);
			name = IIRCUITests;
			productName = IIRCUITests;
			productReference = 93CA3AD12A0D8C70004A8486 /* IIRCUITests.xctest */;
			productType = "com.apple.product-type.bundle.ui-testing";
		};
/* End PBXNativeTarget section */

/* Begin PBXProject section */
		93CA3AAF2A0D8C6F004A8486 /* Project object */ = {
			isa = PBXProject;
			attributes = {
				BuildIndependentTargetsInParallel = 1;
				LastSwiftUpdateCheck = 1430;
				LastUpgradeCheck = 1430;
				TargetAttributes = {
					93CA3AB62A0D8C6F004A8486 = {
						CreatedOnToolsVersion = 14.3;
					};
					93CA3AC62A0D8C70004A8486 = {
						CreatedOnToolsVersion = 14.3;
						TestTargetID = 93CA3AB62A0D8C6F004A8486;
					};
					93CA3AD02A0D8C70004A8486 = {
						CreatedOnToolsVersion = 14.3;
						TestTargetID = 93CA3AB62A0D8C6F004A8486;
					};
				};
			};
			buildConfigurationList = 93CA3AB22A0D8C6F004A8486 /* Build configuration list for PBXProject "IIRC" */;
			compatibilityVersion = "Xcode 14.0";
			developmentRegion = en;
			hasScannedForEncodings = 0;
			knownRegions = (
				en,
				Base,
			);
			mainGroup = 93CA3AAE2A0D8C6F004A8486;
			productRefGroup = 93CA3AB82A0D8C6F004A8486 /* Products */;
			projectDirPath = "";
			projectRoot = "";
			targets = (
				93CA3AB62A0D8C6F004A8486 /* IIRC */,
				93CA3AC62A0D8C70004A8486 /* IIRCTests */,
				93CA3AD02A0D8C70004A8486 /* IIRCUITests */,
			);
		};
/* End PBXProject section */

/* Begin PBXResourcesBuildPhase section */
		93CA3AB52A0D8C6F004A8486 /* Resources */ = {
			isa = PBXResourcesBuildPhase;
			buildActionMask = 2147483647;
			files = (
				93CA3AC22A0D8C70004A8486 /* Preview Assets.xcassets in Resources */,
				93CA3ABF2A0D8C70004A8486 /* Assets.xcassets in Resources */,
			);
			runOnlyForDeploymentPostprocessing = 0;
		};
		93CA3AC52A0D8C70004A8486 /* Resources */ = {
			isa = PBXResourcesBuildPhase;
			buildActionMask = 2147483647;
			files = (
			);
			runOnlyForDeploymentPostprocessing = 0;
		};
		93CA3ACF2A0D8C70004A8486 /* Resources */ = {
			isa = PBXResourcesBuildPhase;
			buildActionMask = 2147483647;
			files = (
			);
			runOnlyForDeploymentPostprocessing = 0;
		};
/* End PBXResourcesBuildPhase section */

/* Begin PBXSourcesBuildPhase section */
		93CA3AB32A0D8C6F004A8486 /* Sources */ = {
			isa = PBXSourcesBuildPhase;
			buildActionMask = 2147483647;
			files = (
				93CA3ABD2A0D8C6F004A8486 /* MainView.swift in Sources */,
				93CA3ABB2A0D8C6F004A8486 /* IIRCApp.swift in Sources */,
				93A72F692A0EA34F006C710A /* ChatView.swift in Sources */,
				93A72F672A0EA34F006C710A /* ConnectView.swift in Sources */,
				93CA3AEB2A0D93B7004A8486 /* IRCClient.swift in Sources */,
			);
			runOnlyForDeploymentPostprocessing = 0;
		};
		93CA3AC32A0D8C70004A8486 /* Sources */ = {
			isa = PBXSourcesBuildPhase;
			buildActionMask = 2147483647;
			files = (
				93CA3ACC2A0D8C70004A8486 /* IIRCTests.swift in Sources */,
			);
			runOnlyForDeploymentPostprocessing = 0;
		};
		93CA3ACD2A0D8C70004A8486 /* Sources */ = {
			isa = PBXSourcesBuildPhase;
			buildActionMask = 2147483647;
			files = (
				93CA3AD62A0D8C70004A8486 /* IIRCUITests.swift in Sources */,
				93CA3AD82A0D8C70004A8486 /* IIRCUITestsLaunchTests.swift in Sources */,
			);
			runOnlyForDeploymentPostprocessing = 0;
		};
/* End PBXSourcesBuildPhase section */

/* Begin PBXTargetDependency section */
		93CA3AC92A0D8C70004A8486 /* PBXTargetDependency */ = {
			isa = PBXTargetDependency;
			target = 93CA3AB62A0D8C6F004A8486 /* IIRC */;
			targetProxy = 93CA3AC82A0D8C70004A8486 /* PBXContainerItemProxy */;
		};
		93CA3AD32A0D8C70004A8486 /* PBXTargetDependency */ = {
			isa = PBXTargetDependency;
			target = 93CA3AB62A0D8C6F004A8486 /* IIRC */;
			targetProxy = 93CA3AD22A0D8C70004A8486 /* PBXContainerItemProxy */;
		};
/* End PBXTargetDependency section */

/* Begin XCBuildConfiguration section */
		93CA3AD92A0D8C70004A8486 /* Debug */ = {
			isa = XCBuildConfiguration;
			buildSettings = {
				ALWAYS_SEARCH_USER_PATHS = NO;
				CLANG_ANALYZER_NONNULL = YES;
				CLANG_ANALYZER_NUMBER_OBJECT_CONVERSION = YES_AGGRESSIVE;
				CLANG_CXX_LANGUAGE_STANDARD = "gnu++20";
				CLANG_ENABLE_MODULES = YES;
				CLANG_ENABLE_OBJC_ARC = YES;
				CLANG_ENABLE_OBJC_WEAK = YES;
				CLANG_WARN_BLOCK_CAPTURE_AUTORELEASING = YES;
				CLANG_WARN_BOOL_CONVERSION = YES;
				CLANG_WARN_COMMA = YES;
				CLANG_WARN_CONSTANT_CONVERSION = YES;
				CLANG_WARN_DEPRECATED_OBJC_IMPLEMENTATIONS = YES;
				CLANG_WARN_DIRECT_OBJC_ISA_USAGE = YES_ERROR;
				CLANG_WARN_DOCUMENTATION_COMMENTS = YES;
				CLANG_WARN_EMPTY_BODY = YES;
				CLANG_WARN_ENUM_CONVERSION = YES;
				CLANG_WARN_INFINITE_RECURSION = YES;
				CLANG_WARN_INT_CONVERSION = YES;
				CLANG_WARN_NON_LITERAL_NULL_CONVERSION = YES;
				CLANG_WARN_OBJC_IMPLICIT_RETAIN_SELF = YES;
				CLANG_WARN_OBJC_LITERAL_CONVERSION = YES;
				CLANG_WARN_OBJC_ROOT_CLASS = YES_ERROR;
				CLANG_WARN_QUOTED_INCLUDE_IN_FRAMEWORK_HEADER = YES;
				CLANG_WARN_RANGE_LOOP_ANALYSIS = YES;
				CLANG_WARN_STRICT_PROTOTYPES = YES;
				CLANG_WARN_SUSPICIOUS_MOVE = YES;
				CLANG_WARN_UNGUARDED_AVAILABILITY = YES_AGGRESSIVE;
				CLANG_WARN_UNREACHABLE_CODE = YES;
				CLANG_WARN__DUPLICATE_METHOD_MATCH = YES;
				COPY_PHASE_STRIP = NO;
				DEBUG_INFORMATION_FORMAT = dwarf;
				ENABLE_STRICT_OBJC_MSGSEND = YES;
				ENABLE_TESTABILITY = YES;
				GCC_C_LANGUAGE_STANDARD = gnu11;
				GCC_DYNAMIC_NO_PIC = NO;
				GCC_NO_COMMON_BLOCKS = YES;
				GCC_OPTIMIZATION_LEVEL = 0;
				GCC_PREPROCESSOR_DEFINITIONS = (
					"DEBUG=1",
					"$(inherited)",
				);
				GCC_WARN_64_TO_32_BIT_CONVERSION = YES;
				GCC_WARN_ABOUT_RETURN_TYPE = YES_ERROR;
				GCC_WARN_UNDECLARED_SELECTOR = YES;
				GCC_WARN_UNINITIALIZED_AUTOS = YES_AGGRESSIVE;
				GCC_WARN_UNUSED_FUNCTION = YES;
				GCC_WARN_UNUSED_VARIABLE = YES;
				IPHONEOS_DEPLOYMENT_TARGET = 16.4;
				MTL_ENABLE_DEBUG_INFO = INCLUDE_SOURCE;
				MTL_FAST_MATH = YES;
				ONLY_ACTIVE_ARCH = YES;
				SDKROOT = iphoneos;
				SWIFT_ACTIVE_COMPILATION_CONDITIONS = DEBUG;
				SWIFT_OPTIMIZATION_LEVEL = "-Onone";
			};
			name = Debug;
		};
		93CA3ADA2A0D8C70004A8486 /* Release */ = {
			isa = XCBuildConfiguration;
			buildSettings = {
				ALWAYS_SEARCH_USER_PATHS = NO;
				CLANG_ANALYZER_NONNULL = YES;
				CLANG_ANALYZER_NUMBER_OBJECT_CONVERSION = YES_AGGRESSIVE;
				CLANG_CXX_LANGUAGE_STANDARD = "gnu++20";
				CLANG_ENABLE_MODULES = YES;
				CLANG_ENABLE_OBJC_ARC = YES;
				CLANG_ENABLE_OBJC_WEAK = YES;
				CLANG_WARN_BLOCK_CAPTURE_AUTORELEASING = YES;
				CLANG_WARN_BOOL_CONVERSION = YES;
				CLANG_WARN_COMMA = YES;
				CLANG_WARN_CONSTANT_CONVERSION = YES;
				CLANG_WARN_DEPRECATED_OBJC_IMPLEMENTATIONS = YES;
				CLANG_WARN_DIRECT_OBJC_ISA_USAGE = YES_ERROR;
				CLANG_WARN_DOCUMENTATION_COMMENTS = YES;
				CLANG_WARN_EMPTY_BODY = YES;
				CLANG_WARN_ENUM_CONVERSION = YES;
				CLANG_WARN_INFINITE_RECURSION = YES;
				CLANG_WARN_INT_CONVERSION = YES;
				CLANG_WARN_NON_LITERAL_NULL_CONVERSION = YES;
				CLANG_WARN_OBJC_IMPLICIT_RETAIN_SELF = YES;
				CLANG_WARN_OBJC_LITERAL_CONVERSION = YES;
				CLANG_WARN_OBJC_ROOT_CLASS = YES_ERROR;
				CLANG_WARN_QUOTED_INCLUDE_IN_FRAMEWORK_HEADER = YES;
				CLANG_WARN_RANGE_LOOP_ANALYSIS = YES;
				CLANG_WARN_STRICT_PROTOTYPES = YES;
				CLANG_WARN_SUSPICIOUS_MOVE = YES;
				CLANG_WARN_UNGUARDED_AVAILABILITY = YES_AGGRESSIVE;
				CLANG_WARN_UNREACHABLE_CODE = YES;
				CLANG_WARN__DUPLICATE_METHOD_MATCH = YES;
				COPY_PHASE_STRIP = NO;
				DEBUG_INFORMATION_FORMAT = "dwarf-with-dsym";
				ENABLE_NS_ASSERTIONS = NO;
				ENABLE_STRICT_OBJC_MSGSEND = YES;
				GCC_C_LANGUAGE_STANDARD = gnu11;
				GCC_NO_COMMON_BLOCKS = YES;
				GCC_WARN_64_TO_32_BIT_CONVERSION = YES;
				GCC_WARN_ABOUT_RETURN_TYPE = YES_ERROR;
				GCC_WARN_UNDECLARED_SELECTOR = YES;
				GCC_WARN_UNINITIALIZED_AUTOS = YES_AGGRESSIVE;
				GCC_WARN_UNUSED_FUNCTION = YES;
				GCC_WARN_UNUSED_VARIABLE = YES;
				IPHONEOS_DEPLOYMENT_TARGET = 16.4;
				MTL_ENABLE_DEBUG_INFO = NO;
				MTL_FAST_MATH = YES;
				SDKROOT = iphoneos;
				SWIFT_COMPILATION_MODE = wholemodule;
				SWIFT_OPTIMIZATION_LEVEL = "-O";
				VALIDATE_PRODUCT = YES;
			};
			name = Release;
		};
		93CA3ADC2A0D8C70004A8486 /* Debug */ = {
			isa = XCBuildConfiguration;
			buildSettings = {
				ASSETCATALOG_COMPILER_APPICON_NAME = AppIcon;
				ASSETCATALOG_COMPILER_GLOBAL_ACCENT_COLOR_NAME = AccentColor;
				CODE_SIGN_STYLE = Automatic;
				CURRENT_PROJECT_VERSION = 1;
				DEVELOPMENT_ASSET_PATHS = "\"IIRC/Preview Content\"";
				DEVELOPMENT_TEAM = TJ8R5XP7FZ;
				ENABLE_PREVIEWS = YES;
				GENERATE_INFOPLIST_FILE = YES;
				INFOPLIST_KEY_CFBundleDisplayName = IIRC;
				INFOPLIST_KEY_LSApplicationCategoryType = "public.app-category.utilities";
				INFOPLIST_KEY_UIApplicationSceneManifest_Generation = YES;
				INFOPLIST_KEY_UIApplicationSupportsIndirectInputEvents = YES;
				INFOPLIST_KEY_UILaunchScreen_Generation = YES;
				INFOPLIST_KEY_UISupportedInterfaceOrientations_iPad = "UIInterfaceOrientationPortrait UIInterfaceOrientationPortraitUpsideDown UIInterfaceOrientationLandscapeLeft UIInterfaceOrientationLandscapeRight";
				INFOPLIST_KEY_UISupportedInterfaceOrientations_iPhone = "UIInterfaceOrientationPortrait UIInterfaceOrientationLandscapeLeft UIInterfaceOrientationLandscapeRight";
				IPHONEOS_DEPLOYMENT_TARGET = 16.0;
				LD_RUNPATH_SEARCH_PATHS = (
					"$(inherited)",
					"@executable_path/Frameworks",
				);
				MARKETING_VERSION = 0.1a;
				PRODUCT_BUNDLE_IDENTIFIER = dev.kyleferrigan.IIRC;
				PRODUCT_NAME = "$(TARGET_NAME)";
				SWIFT_EMIT_LOC_STRINGS = YES;
				SWIFT_VERSION = 5.0;
				TARGETED_DEVICE_FAMILY = "1,2";
			};
			name = Debug;
		};
		93CA3ADD2A0D8C70004A8486 /* Release */ = {
			isa = XCBuildConfiguration;
			buildSettings = {
				ASSETCATALOG_COMPILER_APPICON_NAME = AppIcon;
				ASSETCATALOG_COMPILER_GLOBAL_ACCENT_COLOR_NAME = AccentColor;
				CODE_SIGN_STYLE = Automatic;
				CURRENT_PROJECT_VERSION = 1;
				DEVELOPMENT_ASSET_PATHS = "\"IIRC/Preview Content\"";
				DEVELOPMENT_TEAM = TJ8R5XP7FZ;
				ENABLE_PREVIEWS = YES;
				GENERATE_INFOPLIST_FILE = YES;
				INFOPLIST_KEY_CFBundleDisplayName = IIRC;
				INFOPLIST_KEY_LSApplicationCategoryType = "public.app-category.utilities";
				INFOPLIST_KEY_UIApplicationSceneManifest_Generation = YES;
				INFOPLIST_KEY_UIApplicationSupportsIndirectInputEvents = YES;
				INFOPLIST_KEY_UILaunchScreen_Generation = YES;
				INFOPLIST_KEY_UISupportedInterfaceOrientations_iPad = "UIInterfaceOrientationPortrait UIInterfaceOrientationPortraitUpsideDown UIInterfaceOrientationLandscapeLeft UIInterfaceOrientationLandscapeRight";
				INFOPLIST_KEY_UISupportedInterfaceOrientations_iPhone = "UIInterfaceOrientationPortrait UIInterfaceOrientationLandscapeLeft UIInterfaceOrientationLandscapeRight";
				IPHONEOS_DEPLOYMENT_TARGET = 16.0;
				LD_RUNPATH_SEARCH_PATHS = (
					"$(inherited)",
					"@executable_path/Frameworks",
				);
				MARKETING_VERSION = 0.1a;
				PRODUCT_BUNDLE_IDENTIFIER = dev.kyleferrigan.IIRC;
				PRODUCT_NAME = "$(TARGET_NAME)";
				SWIFT_EMIT_LOC_STRINGS = YES;
				SWIFT_VERSION = 5.0;
				TARGETED_DEVICE_FAMILY = "1,2";
			};
			name = Release;
		};
		93CA3ADF2A0D8C70004A8486 /* Debug */ = {
			isa = XCBuildConfiguration;
			buildSettings = {
				ALWAYS_EMBED_SWIFT_STANDARD_LIBRARIES = YES;
				BUNDLE_LOADER = "$(TEST_HOST)";
				CODE_SIGN_STYLE = Automatic;
				CURRENT_PROJECT_VERSION = 1;
				DEVELOPMENT_TEAM = TJ8R5XP7FZ;
				GENERATE_INFOPLIST_FILE = YES;
				IPHONEOS_DEPLOYMENT_TARGET = 16.4;
				MARKETING_VERSION = 1.0;
				PRODUCT_BUNDLE_IDENTIFIER = dev.kyleferrigan.IIRCTests;
				PRODUCT_NAME = "$(TARGET_NAME)";
				SUPPORTED_PLATFORMS = "iphoneos iphonesimulator";
				SUPPORTS_MACCATALYST = NO;
				SUPPORTS_MAC_DESIGNED_FOR_IPHONE_IPAD = YES;
				SWIFT_EMIT_LOC_STRINGS = NO;
				SWIFT_VERSION = 5.0;
				TARGETED_DEVICE_FAMILY = "1,2";
				TEST_HOST = "$(BUILT_PRODUCTS_DIR)/IIRC.app/$(BUNDLE_EXECUTABLE_FOLDER_PATH)/IIRC";
			};
			name = Debug;
		};
		93CA3AE02A0D8C70004A8486 /* Release */ = {
			isa = XCBuildConfiguration;
			buildSettings = {
				ALWAYS_EMBED_SWIFT_STANDARD_LIBRARIES = YES;
				BUNDLE_LOADER = "$(TEST_HOST)";
				CODE_SIGN_STYLE = Automatic;
				CURRENT_PROJECT_VERSION = 1;
				DEVELOPMENT_TEAM = TJ8R5XP7FZ;
				GENERATE_INFOPLIST_FILE = YES;
				IPHONEOS_DEPLOYMENT_TARGET = 16.4;
				MARKETING_VERSION = 1.0;
				PRODUCT_BUNDLE_IDENTIFIER = dev.kyleferrigan.IIRCTests;
				PRODUCT_NAME = "$(TARGET_NAME)";
				SUPPORTED_PLATFORMS = "iphoneos iphonesimulator";
				SUPPORTS_MACCATALYST = NO;
				SUPPORTS_MAC_DESIGNED_FOR_IPHONE_IPAD = YES;
				SWIFT_EMIT_LOC_STRINGS = NO;
				SWIFT_VERSION = 5.0;
				TARGETED_DEVICE_FAMILY = "1,2";
				TEST_HOST = "$(BUILT_PRODUCTS_DIR)/IIRC.app/$(BUNDLE_EXECUTABLE_FOLDER_PATH)/IIRC";
			};
			name = Release;
		};
		93CA3AE22A0D8C70004A8486 /* Debug */ = {
			isa = XCBuildConfiguration;
			buildSettings = {
				ALWAYS_EMBED_SWIFT_STANDARD_LIBRARIES = YES;
				CODE_SIGN_STYLE = Automatic;
				CURRENT_PROJECT_VERSION = 1;
				DEVELOPMENT_TEAM = TJ8R5XP7FZ;
				GENERATE_INFOPLIST_FILE = YES;
				MARKETING_VERSION = 1.0;
				PRODUCT_BUNDLE_IDENTIFIER = dev.kyleferrigan.IIRCUITests;
				PRODUCT_NAME = "$(TARGET_NAME)";
				SUPPORTED_PLATFORMS = "iphoneos iphonesimulator";
				SUPPORTS_MACCATALYST = NO;
				SUPPORTS_MAC_DESIGNED_FOR_IPHONE_IPAD = YES;
				SWIFT_EMIT_LOC_STRINGS = NO;
				SWIFT_VERSION = 5.0;
				TARGETED_DEVICE_FAMILY = "1,2";
				TEST_TARGET_NAME = IIRC;
			};
			name = Debug;
		};
		93CA3AE32A0D8C70004A8486 /* Release */ = {
			isa = XCBuildConfiguration;
			buildSettings = {
				ALWAYS_EMBED_SWIFT_STANDARD_LIBRARIES = YES;
				CODE_SIGN_STYLE = Automatic;
				CURRENT_PROJECT_VERSION = 1;
				DEVELOPMENT_TEAM = TJ8R5XP7FZ;
				GENERATE_INFOPLIST_FILE = YES;
				MARKETING_VERSION = 1.0;
				PRODUCT_BUNDLE_IDENTIFIER = dev.kyleferrigan.IIRCUITests;
				PRODUCT_NAME = "$(TARGET_NAME)";
				SUPPORTED_PLATFORMS = "iphoneos iphonesimulator";
				SUPPORTS_MACCATALYST = NO;
				SUPPORTS_MAC_DESIGNED_FOR_IPHONE_IPAD = YES;
				SWIFT_EMIT_LOC_STRINGS = NO;
				SWIFT_VERSION = 5.0;
				TARGETED_DEVICE_FAMILY = "1,2";
				TEST_TARGET_NAME = IIRC;
			};
			name = Release;
		};
/* End XCBuildConfiguration section */

/* Begin XCConfigurationList section */
		93CA3AB22A0D8C6F004A8486 /* Build configuration list for PBXProject "IIRC" */ = {
			isa = XCConfigurationList;
			buildConfigurations = (
				93CA3AD92A0D8C70004A8486 /* Debug */,
				93CA3ADA2A0D8C70004A8486 /* Release */,
			);
			defaultConfigurationIsVisible = 0;
			defaultConfigurationName = Release;
		};
		93CA3ADB2A0D8C70004A8486 /* Build configuration list for PBXNativeTarget "IIRC" */ = {
			isa = XCConfigurationList;
			buildConfigurations = (
				93CA3ADC2A0D8C70004A8486 /* Debug */,
				93CA3ADD2A0D8C70004A8486 /* Release */,
			);
			defaultConfigurationIsVisible = 0;
			defaultConfigurationName = Release;
		};
		93CA3ADE2A0D8C70004A8486 /* Build configuration list for PBXNativeTarget "IIRCTests" */ = {
			isa = XCConfigurationList;
			buildConfigurations = (
				93CA3ADF2A0D8C70004A8486 /* Debug */,
				93CA3AE02A0D8C70004A8486 /* Release */,
			);
			defaultConfigurationIsVisible = 0;
			defaultConfigurationName = Release;
		};
		93CA3AE12A0D8C70004A8486 /* Build configuration list for PBXNativeTarget "IIRCUITests" */ = {
			isa = XCConfigurationList;
			buildConfigurations = (
				93CA3AE22A0D8C70004A8486 /* Debug */,
				93CA3AE32A0D8C70004A8486 /* Release */,
			);
			defaultConfigurationIsVisible = 0;
			defaultConfigurationName = Release;
		};
/* End XCConfigurationList section */
	};
	rootObject = 93CA3AAF2A0D8C6F004A8486 /* Project object */;
}
